// !$*UTF8*$!
{
	archiveVersion = 1;
	classes = {
	};
	objectVersion = 46;
	objects = {

/* Begin PBXBuildFile section */
		724B70D21CBC37DD008D1458 /* NSLayoutConstraint+Seed.swift in Sources */ = {isa = PBXBuildFile; fileRef = 724B70D11CBC37DD008D1458 /* NSLayoutConstraint+Seed.swift */; };
		724B70D41CBC4240008D1458 /* StackViewController.swift in Sources */ = {isa = PBXBuildFile; fileRef = 724B70D31CBC4240008D1458 /* StackViewController.swift */; };
		724B70D81CBC442A008D1458 /* StackViewItem.swift in Sources */ = {isa = PBXBuildFile; fileRef = 724B70D71CBC442A008D1458 /* StackViewItem.swift */; };
		724B70DA1CBC48E4008D1458 /* StackViewContainer.swift in Sources */ = {isa = PBXBuildFile; fileRef = 724B70D91CBC48E4008D1458 /* StackViewContainer.swift */; };
		72B21E591CBC34F000724EB8 /* AppDelegate.swift in Sources */ = {isa = PBXBuildFile; fileRef = 72B21E581CBC34F000724EB8 /* AppDelegate.swift */; };
		72B21E5B1CBC34F000724EB8 /* ViewController.swift in Sources */ = {isa = PBXBuildFile; fileRef = 72B21E5A1CBC34F000724EB8 /* ViewController.swift */; };
		72B21E5E1CBC34F000724EB8 /* Main.storyboard in Resources */ = {isa = PBXBuildFile; fileRef = 72B21E5C1CBC34F000724EB8 /* Main.storyboard */; };
		72B21E601CBC34F000724EB8 /* Assets.xcassets in Resources */ = {isa = PBXBuildFile; fileRef = 72B21E5F1CBC34F000724EB8 /* Assets.xcassets */; };
		72B21E631CBC34F000724EB8 /* LaunchScreen.storyboard in Resources */ = {isa = PBXBuildFile; fileRef = 72B21E611CBC34F000724EB8 /* LaunchScreen.storyboard */; };
		72B21E6B1CBC35AA00724EB8 /* AutoScrollView.swift in Sources */ = {isa = PBXBuildFile; fileRef = 72B21E6A1CBC35AA00724EB8 /* AutoScrollView.swift */; };
		72B91D771CBDF114004B0466 /* SeparatorView.swift in Sources */ = {isa = PBXBuildFile; fileRef = 72B91D761CBDF114004B0466 /* SeparatorView.swift */; };
/* End PBXBuildFile section */

/* Begin PBXFileReference section */
		724B70D11CBC37DD008D1458 /* NSLayoutConstraint+Seed.swift */ = {isa = PBXFileReference; fileEncoding = 4; lastKnownFileType = sourcecode.swift; path = "NSLayoutConstraint+Seed.swift"; sourceTree = "<group>"; };
		724B70D31CBC4240008D1458 /* StackViewController.swift */ = {isa = PBXFileReference; fileEncoding = 4; lastKnownFileType = sourcecode.swift; path = StackViewController.swift; sourceTree = "<group>"; };
		724B70D71CBC442A008D1458 /* StackViewItem.swift */ = {isa = PBXFileReference; fileEncoding = 4; lastKnownFileType = sourcecode.swift; path = StackViewItem.swift; sourceTree = "<group>"; };
		724B70D91CBC48E4008D1458 /* StackViewContainer.swift */ = {isa = PBXFileReference; fileEncoding = 4; lastKnownFileType = sourcecode.swift; path = StackViewContainer.swift; sourceTree = "<group>"; };
		72B21E551CBC34EF00724EB8 /* StackViewController.app */ = {isa = PBXFileReference; explicitFileType = wrapper.application; includeInIndex = 0; path = StackViewController.app; sourceTree = BUILT_PRODUCTS_DIR; };
		72B21E581CBC34F000724EB8 /* AppDelegate.swift */ = {isa = PBXFileReference; lastKnownFileType = sourcecode.swift; path = AppDelegate.swift; sourceTree = "<group>"; };
		72B21E5A1CBC34F000724EB8 /* ViewController.swift */ = {isa = PBXFileReference; lastKnownFileType = sourcecode.swift; path = ViewController.swift; sourceTree = "<group>"; };
		72B21E5D1CBC34F000724EB8 /* Base */ = {isa = PBXFileReference; lastKnownFileType = file.storyboard; name = Base; path = Base.lproj/Main.storyboard; sourceTree = "<group>"; };
		72B21E5F1CBC34F000724EB8 /* Assets.xcassets */ = {isa = PBXFileReference; lastKnownFileType = folder.assetcatalog; path = Assets.xcassets; sourceTree = "<group>"; };
		72B21E621CBC34F000724EB8 /* Base */ = {isa = PBXFileReference; lastKnownFileType = file.storyboard; name = Base; path = Base.lproj/LaunchScreen.storyboard; sourceTree = "<group>"; };
		72B21E641CBC34F000724EB8 /* Info.plist */ = {isa = PBXFileReference; lastKnownFileType = text.plist.xml; path = Info.plist; sourceTree = "<group>"; };
		72B21E6A1CBC35AA00724EB8 /* AutoScrollView.swift */ = {isa = PBXFileReference; fileEncoding = 4; lastKnownFileType = sourcecode.swift; path = AutoScrollView.swift; sourceTree = "<group>"; };
		72B91D761CBDF114004B0466 /* SeparatorView.swift */ = {isa = PBXFileReference; fileEncoding = 4; lastKnownFileType = sourcecode.swift; path = SeparatorView.swift; sourceTree = "<group>"; };
/* End PBXFileReference section */

/* Begin PBXFrameworksBuildPhase section */
		72B21E521CBC34EF00724EB8 /* Frameworks */ = {
			isa = PBXFrameworksBuildPhase;
			buildActionMask = 2147483647;
			files = (
			);
			runOnlyForDeploymentPostprocessing = 0;
		};
/* End PBXFrameworksBuildPhase section */

/* Begin PBXGroup section */
		72B21E4C1CBC34EF00724EB8 = {
			isa = PBXGroup;
			children = (
				72B21E571CBC34F000724EB8 /* StackViewController */,
				72B21E561CBC34EF00724EB8 /* Products */,
			);
			sourceTree = "<group>";
		};
		72B21E561CBC34EF00724EB8 /* Products */ = {
			isa = PBXGroup;
			children = (
				72B21E551CBC34EF00724EB8 /* StackViewController.app */,
			);
			name = Products;
			sourceTree = "<group>";
		};
		72B21E571CBC34F000724EB8 /* StackViewController */ = {
			isa = PBXGroup;
			children = (
				72B21E581CBC34F000724EB8 /* AppDelegate.swift */,
				72B21E5A1CBC34F000724EB8 /* ViewController.swift */,
				72B21E5C1CBC34F000724EB8 /* Main.storyboard */,
				72B21E5F1CBC34F000724EB8 /* Assets.xcassets */,
				72B21E611CBC34F000724EB8 /* LaunchScreen.storyboard */,
				72B21E641CBC34F000724EB8 /* Info.plist */,
				72B21E6A1CBC35AA00724EB8 /* AutoScrollView.swift */,
				724B70D11CBC37DD008D1458 /* NSLayoutConstraint+Seed.swift */,
				724B70D31CBC4240008D1458 /* StackViewController.swift */,
				724B70D71CBC442A008D1458 /* StackViewItem.swift */,
				724B70D91CBC48E4008D1458 /* StackViewContainer.swift */,
				72B91D761CBDF114004B0466 /* SeparatorView.swift */,
			);
			path = StackViewController;
			sourceTree = "<group>";
		};
/* End PBXGroup section */

/* Begin PBXNativeTarget section */
		72B21E541CBC34EF00724EB8 /* StackViewController */ = {
			isa = PBXNativeTarget;
			buildConfigurationList = 72B21E671CBC34F000724EB8 /* Build configuration list for PBXNativeTarget "StackViewController" */;
			buildPhases = (
				72B21E511CBC34EF00724EB8 /* Sources */,
				72B21E521CBC34EF00724EB8 /* Frameworks */,
				72B21E531CBC34EF00724EB8 /* Resources */,
			);
			buildRules = (
			);
			dependencies = (
			);
			name = StackViewController;
			productName = StackViewController;
			productReference = 72B21E551CBC34EF00724EB8 /* StackViewController.app */;
			productType = "com.apple.product-type.application";
		};
/* End PBXNativeTarget section */

/* Begin PBXProject section */
		72B21E4D1CBC34EF00724EB8 /* Project object */ = {
			isa = PBXProject;
			attributes = {
				LastSwiftUpdateCheck = 0730;
				LastUpgradeCheck = 0730;
				ORGANIZATIONNAME = "Indragie Karunaratne";
				TargetAttributes = {
					72B21E541CBC34EF00724EB8 = {
						CreatedOnToolsVersion = 7.3;
					};
				};
			};
			buildConfigurationList = 72B21E501CBC34EF00724EB8 /* Build configuration list for PBXProject "StackViewController" */;
			compatibilityVersion = "Xcode 3.2";
			developmentRegion = English;
			hasScannedForEncodings = 0;
			knownRegions = (
				en,
				Base,
			);
			mainGroup = 72B21E4C1CBC34EF00724EB8;
			productRefGroup = 72B21E561CBC34EF00724EB8 /* Products */;
			projectDirPath = "";
			projectRoot = "";
			targets = (
				72B21E541CBC34EF00724EB8 /* StackViewController */,
			);
		};
/* End PBXProject section */

/* Begin PBXResourcesBuildPhase section */
		72B21E531CBC34EF00724EB8 /* Resources */ = {
			isa = PBXResourcesBuildPhase;
			buildActionMask = 2147483647;
			files = (
				72B21E631CBC34F000724EB8 /* LaunchScreen.storyboard in Resources */,
				72B21E601CBC34F000724EB8 /* Assets.xcassets in Resources */,
				72B21E5E1CBC34F000724EB8 /* Main.storyboard in Resources */,
			);
			runOnlyForDeploymentPostprocessing = 0;
		};
/* End PBXResourcesBuildPhase section */

/* Begin PBXSourcesBuildPhase section */
		72B21E511CBC34EF00724EB8 /* Sources */ = {
			isa = PBXSourcesBuildPhase;
			buildActionMask = 2147483647;
			files = (
				724B70DA1CBC48E4008D1458 /* StackViewContainer.swift in Sources */,
				724B70D21CBC37DD008D1458 /* NSLayoutConstraint+Seed.swift in Sources */,
				72B91D771CBDF114004B0466 /* SeparatorView.swift in Sources */,
				72B21E5B1CBC34F000724EB8 /* ViewController.swift in Sources */,
				724B70D81CBC442A008D1458 /* StackViewItem.swift in Sources */,
				724B70D41CBC4240008D1458 /* StackViewController.swift in Sources */,
				72B21E591CBC34F000724EB8 /* AppDelegate.swift in Sources */,
				72B21E6B1CBC35AA00724EB8 /* AutoScrollView.swift in Sources */,
			);
			runOnlyForDeploymentPostprocessing = 0;
		};
/* End PBXSourcesBuildPhase section */

/* Begin PBXVariantGroup section */
		72B21E5C1CBC34F000724EB8 /* Main.storyboard */ = {
			isa = PBXVariantGroup;
			children = (
				72B21E5D1CBC34F000724EB8 /* Base */,
			);
			name = Main.storyboard;
			sourceTree = "<group>";
		};
		72B21E611CBC34F000724EB8 /* LaunchScreen.storyboard */ = {
			isa = PBXVariantGroup;
			children = (
				72B21E621CBC34F000724EB8 /* Base */,
			);
			name = LaunchScreen.storyboard;
			sourceTree = "<group>";
		};
/* End PBXVariantGroup section */

/* Begin XCBuildConfiguration section */
		72B21E651CBC34F000724EB8 /* Debug */ = {
			isa = XCBuildConfiguration;
			buildSettings = {
				ALWAYS_SEARCH_USER_PATHS = NO;
				CLANG_ANALYZER_NONNULL = YES;
				CLANG_CXX_LANGUAGE_STANDARD = "gnu++0x";
				CLANG_CXX_LIBRARY = "libc++";
				CLANG_ENABLE_MODULES = YES;
				CLANG_ENABLE_OBJC_ARC = YES;
				CLANG_WARN_BOOL_CONVERSION = YES;
				CLANG_WARN_CONSTANT_CONVERSION = YES;
				CLANG_WARN_DIRECT_OBJC_ISA_USAGE = YES_ERROR;
				CLANG_WARN_EMPTY_BODY = YES;
				CLANG_WARN_ENUM_CONVERSION = YES;
				CLANG_WARN_INT_CONVERSION = YES;
				CLANG_WARN_OBJC_ROOT_CLASS = YES_ERROR;
				CLANG_WARN_UNREACHABLE_CODE = YES;
				CLANG_WARN__DUPLICATE_METHOD_MATCH = YES;
				"CODE_SIGN_IDENTITY[sdk=iphoneos*]" = "iPhone Developer";
				COPY_PHASE_STRIP = NO;
				DEBUG_INFORMATION_FORMAT = dwarf;
				ENABLE_STRICT_OBJC_MSGSEND = YES;
				ENABLE_TESTABILITY = YES;
				GCC_C_LANGUAGE_STANDARD = gnu99;
				GCC_DYNAMIC_NO_PIC = NO;
				GCC_NO_COMMON_BLOCKS = YES;
				GCC_OPTIMIZATION_LEVEL = 0;
				GCC_PREPROCESSOR_DEFINITIONS = (
					"DEBUG=1",
					"$(inherited)",
				);
				GCC_WARN_64_TO_32_BIT_CONVERSION = YES;
				GCC_WARN_ABOUT_RETURN_TYPE = YES_ERROR;
				GCC_WARN_UNDECLARED_SELECTOR = YES;
				GCC_WARN_UNINITIALIZED_AUTOS = YES_AGGRESSIVE;
				GCC_WARN_UNUSED_FUNCTION = YES;
				GCC_WARN_UNUSED_VARIABLE = YES;
				IPHONEOS_DEPLOYMENT_TARGET = 9.3;
				MTL_ENABLE_DEBUG_INFO = YES;
				ONLY_ACTIVE_ARCH = YES;
				SDKROOT = iphoneos;
				SWIFT_OPTIMIZATION_LEVEL = "-Onone";
			};
			name = Debug;
		};
		72B21E661CBC34F000724EB8 /* Release */ = {
			isa = XCBuildConfiguration;
			buildSettings = {
				ALWAYS_SEARCH_USER_PATHS = NO;
				CLANG_ANALYZER_NONNULL = YES;
				CLANG_CXX_LANGUAGE_STANDARD = "gnu++0x";
				CLANG_CXX_LIBRARY = "libc++";
				CLANG_ENABLE_MODULES = YES;
				CLANG_ENABLE_OBJC_ARC = YES;
				CLANG_WARN_BOOL_CONVERSION = YES;
				CLANG_WARN_CONSTANT_CONVERSION = YES;
				CLANG_WARN_DIRECT_OBJC_ISA_USAGE = YES_ERROR;
				CLANG_WARN_EMPTY_BODY = YES;
				CLANG_WARN_ENUM_CONVERSION = YES;
				CLANG_WARN_INT_CONVERSION = YES;
				CLANG_WARN_OBJC_ROOT_CLASS = YES_ERROR;
				CLANG_WARN_UNREACHABLE_CODE = YES;
				CLANG_WARN__DUPLICATE_METHOD_MATCH = YES;
				"CODE_SIGN_IDENTITY[sdk=iphoneos*]" = "iPhone Developer";
				COPY_PHASE_STRIP = NO;
				DEBUG_INFORMATION_FORMAT = "dwarf-with-dsym";
				ENABLE_NS_ASSERTIONS = NO;
				ENABLE_STRICT_OBJC_MSGSEND = YES;
				GCC_C_LANGUAGE_STANDARD = gnu99;
				GCC_NO_COMMON_BLOCKS = YES;
				GCC_WARN_64_TO_32_BIT_CONVERSION = YES;
				GCC_WARN_ABOUT_RETURN_TYPE = YES_ERROR;
				GCC_WARN_UNDECLARED_SELECTOR = YES;
				GCC_WARN_UNINITIALIZED_AUTOS = YES_AGGRESSIVE;
				GCC_WARN_UNUSED_FUNCTION = YES;
				GCC_WARN_UNUSED_VARIABLE = YES;
				IPHONEOS_DEPLOYMENT_TARGET = 9.3;
				MTL_ENABLE_DEBUG_INFO = NO;
				SDKROOT = iphoneos;
				VALIDATE_PRODUCT = YES;
			};
			name = Release;
		};
		72B21E681CBC34F000724EB8 /* Debug */ = {
			isa = XCBuildConfiguration;
			buildSettings = {
				ASSETCATALOG_COMPILER_APPICON_NAME = AppIcon;
				INFOPLIST_FILE = StackViewController/Info.plist;
				LD_RUNPATH_SEARCH_PATHS = "$(inherited) @executable_path/Frameworks";
				PRODUCT_BUNDLE_IDENTIFIER = co.seed.StackViewController;
				PRODUCT_NAME = "$(TARGET_NAME)";
			};
			name = Debug;
		};
		72B21E691CBC34F000724EB8 /* Release */ = {
			isa = XCBuildConfiguration;
			buildSettings = {
				ASSETCATALOG_COMPILER_APPICON_NAME = AppIcon;
				INFOPLIST_FILE = StackViewController/Info.plist;
				LD_RUNPATH_SEARCH_PATHS = "$(inherited) @executable_path/Frameworks";
				PRODUCT_BUNDLE_IDENTIFIER = co.seed.StackViewController;
				PRODUCT_NAME = "$(TARGET_NAME)";
			};
			name = Release;
		};
/* End XCBuildConfiguration section */

/* Begin XCConfigurationList section */
		72B21E501CBC34EF00724EB8 /* Build configuration list for PBXProject "StackViewController" */ = {
			isa = XCConfigurationList;
			buildConfigurations = (
				72B21E651CBC34F000724EB8 /* Debug */,
				72B21E661CBC34F000724EB8 /* Release */,
			);
			defaultConfigurationIsVisible = 0;
			defaultConfigurationName = Release;
		};
		72B21E671CBC34F000724EB8 /* Build configuration list for PBXNativeTarget "StackViewController" */ = {
			isa = XCConfigurationList;
			buildConfigurations = (
				72B21E681CBC34F000724EB8 /* Debug */,
				72B21E691CBC34F000724EB8 /* Release */,
			);
			defaultConfigurationIsVisible = 0;
			defaultConfigurationName = Release;
		};
/* End XCConfigurationList section */
	};
	rootObject = 72B21E4D1CBC34EF00724EB8 /* Project object */;
}
